
Microsoft Visual Studio Solution File, Format Version 12.00
# Visual Studio Version 17
VisualStudioVersion = 17.6.33723.286
MinimumVisualStudioVersion = 10.0.40219.1
Project("{FAE04EC0-301F-11D3-BF4B-00C04F79EFBC}") = "CafeManagementServer", "CafeManagementServer\CafeManagementServer.csproj", "{2BF4A877-467F-4714-83AA-63EB5651D2B2}"
EndProject
Global
	GlobalSection(SolutionConfigurationPlatforms) = preSolution
		Debug|Any CPU = Debug|Any CPU
		Release|Any CPU = Release|Any CPU
	EndGlobalSection
	GlobalSection(ProjectConfigurationPlatforms) = postSolution
		{2BF4A877-467F-4714-83AA-63EB5651D2B2}.Debug|Any CPU.ActiveCfg = Debug|Any CPU
		{2BF4A877-467F-4714-83AA-63EB5651D2B2}.Debug|Any CPU.Build.0 = Debug|Any CPU
		{2BF4A877-467F-4714-83AA-63EB5651D2B2}.Release|Any CPU.ActiveCfg = Release|Any CPU
		{2BF4A877-467F-4714-83AA-63EB5651D2B2}.Release|Any CPU.Build.0 = Release|Any CPU
	EndGlobalSection
	GlobalSection(SolutionProperties) = preSolution
		HideSolutionNode = FALSE
	EndGlobalSection
	GlobalSection(ExtensibilityGlobals) = postSolution
		SolutionGuid = {68BD643D-0D3C-4808-BBD1-87572A72E97F}
	EndGlobalSection
EndGlobal
